<?xml version="1.0" encoding="utf-8"?>
<Project ToolsVersion="4.0" xmlns="http://schemas.microsoft.com/developer/msbuild/2003">
  <ItemGroup>
    <Filter Include="external">
      <UniqueIdentifier>{e9c6b2f0-1c64-4ab5-82c5-3033d303ee68}</UniqueIdentifier>
    </Filter>
    <Filter Include="include">
      <UniqueIdentifier>{b7d8c168-a5f9-4e36-a32b-39368a64f3b7}</UniqueIdentifier>
    </Filter>
    <Filter Include="res">
      <UniqueIdentifier>{13229148-753f-4df9-bdc1-cf8563027532}</UniqueIdentifier>
    </Filter>
    <Filter Include="src">
      <UniqueIdentifier>{d66adc6e-ae4f-477f-8207-3b346c4211f7}</UniqueIdentifier>
    </Filter>
    <Filter Include="res\shader">
      <UniqueIdentifier>{2bd4fdb0-f75e-4555-ad27-db264992a15b}</UniqueIdentifier>
    </Filter>
    <Filter Include="res\texture">
      <UniqueIdentifier>{eee72ef1-2d29-42f4-9c92-f8361fd43bf3}</UniqueIdentifier>
    </Filter>
    <Filter Include="external\stb">
      <UniqueIdentifier>{706ffee1-22e0-401f-9ea2-9f301ccc4d22}</UniqueIdentifier>
    </Filter>
    <Filter Include="external\glm">
      <UniqueIdentifier>{6a5a7f83-4767-488c-ae49-9aed48c2d219}</UniqueIdentifier>
    </Filter>
    <Filter Include="external\glm\gtc">
      <UniqueIdentifier>{3374dd04-44e3-482b-b0a3-5e25bcb38c5c}</UniqueIdentifier>
    </Filter>
  </ItemGroup>
  <ItemGroup>
    <ClCompile Include="external\glad.c">
      <Filter>external</Filter>
    </ClCompile>
    <ClCompile Include="external\stb\stb_image.cpp">
      <Filter>external\stb</Filter>
    </ClCompile>
    <ClCompile Include="src\main.cpp">
      <Filter>src</Filter>
    </ClCompile>
    <ClCompile Include="src\shader.cpp">
      <Filter>src</Filter>
    </ClCompile>
  </ItemGroup>
  <ItemGroup>
    <ClInclude Include="external\glad.h">
      <Filter>external</Filter>
    </ClInclude>
    <ClInclude Include="external\glfw3.h">
      <Filter>external</Filter>
    </ClInclude>
    <ClInclude Include="external\glfw3native.h">
      <Filter>external</Filter>
    </ClInclude>
    <ClInclude Include="external\stb\stb_image.h">
      <Filter>external\stb</Filter>
    </ClInclude>
    <ClInclude Include="external\glm\mat3x4.hpp">
      <Filter>external\glm</Filter>
    </ClInclude>
    <ClInclude Include="external\glm\mat4x2.hpp">
      <Filter>external\glm</Filter>
    </ClInclude>
    <ClInclude Include="external\glm\mat4x3.hpp">
      <Filter>external\glm</Filter>
    </ClInclude>
    <ClInclude Include="external\glm\mat4x4.hpp">
      <Filter>external\glm</Filter>
    </ClInclude>
    <ClInclude Include="external\glm\matrix.hpp">
      <Filter>external\glm</Filter>
    </ClInclude>
    <ClInclude Include="external\glm\packing.hpp">
      <Filter>external\glm</Filter>
    </ClInclude>
    <ClInclude Include="external\glm\trigonometric.hpp">
      <Filter>external\glm</Filter>
    </ClInclude>
    <ClInclude Include="external\glm\vec2.hpp">
      <Filter>external\glm</Filter>
    </ClInclude>
    <ClInclude Include="external\glm\vec3.hpp">
      <Filter>external\glm</Filter>
    </ClInclude>
    <ClInclude Include="external\glm\vec4.hpp">
      <Filter>external\glm</Filter>
    </ClInclude>
    <ClInclude Include="external\glm\vector_relational.hpp">
      <Filter>external\glm</Filter>
    </ClInclude>
    <ClInclude Include="external\glm\common.hpp">
      <Filter>external\glm</Filter>
    </ClInclude>
    <ClInclude Include="external\glm\exponential.hpp">
      <Filter>external\glm</Filter>
    </ClInclude>
    <ClInclude Include="external\glm\ext.hpp">
      <Filter>external\glm</Filter>
    </ClInclude>
    <ClInclude Include="external\glm\fwd.hpp">
      <Filter>external\glm</Filter>
    </ClInclude>
    <ClInclude Include="external\glm\geometric.hpp">
      <Filter>external\glm</Filter>
    </ClInclude>
    <ClInclude Include="external\glm\glm.hpp">
      <Filter>external\glm</Filter>
    </ClInclude>
    <ClInclude Include="external\glm\integer.hpp">
      <Filter>external\glm</Filter>
    </ClInclude>
    <ClInclude Include="external\glm\mat2x2.hpp">
      <Filter>external\glm</Filter>
    </ClInclude>
    <ClInclude Include="external\glm\mat2x3.hpp">
      <Filter>external\glm</Filter>
    </ClInclude>
    <ClInclude Include="external\glm\mat2x4.hpp">
      <Filter>external\glm</Filter>
    </ClInclude>
    <ClInclude Include="external\glm\mat3x2.hpp">
      <Filter>external\glm</Filter>
    </ClInclude>
    <ClInclude Include="external\glm\mat3x3.hpp">
      <Filter>external\glm</Filter>
    </ClInclude>
    <ClInclude Include="external\glm\gtc\ulp.hpp">
      <Filter>external\glm\gtc</Filter>
    </ClInclude>
    <ClInclude Include="external\glm\gtc\vec1.hpp">
      <Filter>external\glm\gtc</Filter>
    </ClInclude>
    <ClInclude Include="external\glm\gtc\bitfield.hpp">
      <Filter>external\glm\gtc</Filter>
    </ClInclude>
    <ClInclude Include="external\glm\gtc\color_space.hpp">
      <Filter>external\glm\gtc</Filter>
    </ClInclude>
    <ClInclude Include="external\glm\gtc\constants.hpp">
      <Filter>external\glm\gtc</Filter>
    </ClInclude>
    <ClInclude Include="external\glm\gtc\epsilon.hpp">
      <Filter>external\glm\gtc</Filter>
    </ClInclude>
    <ClInclude Include="external\glm\gtc\integer.hpp">
      <Filter>external\glm\gtc</Filter>
    </ClInclude>
    <ClInclude Include="external\glm\gtc\matrix_access.hpp">
      <Filter>external\glm\gtc</Filter>
    </ClInclude>
    <ClInclude Include="external\glm\gtc\matrix_integer.hpp">
      <Filter>external\glm\gtc</Filter>
    </ClInclude>
    <ClInclude Include="external\glm\gtc\matrix_inverse.hpp">
      <Filter>external\glm\gtc</Filter>
    </ClInclude>
    <ClInclude Include="external\glm\gtc\matrix_transform.hpp">
      <Filter>external\glm\gtc</Filter>
    </ClInclude>
    <ClInclude Include="external\glm\gtc\noise.hpp">
      <Filter>external\glm\gtc</Filter>
    </ClInclude>
    <ClInclude Include="external\glm\gtc\packing.hpp">
      <Filter>external\glm\gtc</Filter>
    </ClInclude>
    <ClInclude Include="external\glm\gtc\quaternion.hpp">
      <Filter>external\glm\gtc</Filter>
    </ClInclude>
    <ClInclude Include="external\glm\gtc\random.hpp">
      <Filter>external\glm\gtc</Filter>
    </ClInclude>
    <ClInclude Include="external\glm\gtc\reciprocal.hpp">
      <Filter>external\glm\gtc</Filter>
    </ClInclude>
    <ClInclude Include="external\glm\gtc\round.hpp">
      <Filter>external\glm\gtc</Filter>
    </ClInclude>
    <ClInclude Include="external\glm\gtc\type_aligned.hpp">
      <Filter>external\glm\gtc</Filter>
    </ClInclude>
    <ClInclude Include="external\glm\gtc\type_precision.hpp">
      <Filter>external\glm\gtc</Filter>
    </ClInclude>
    <ClInclude Include="external\glm\gtc\type_ptr.hpp">
      <Filter>external\glm\gtc</Filter>
    </ClInclude>
    <ClInclude Include="include\shader.h">
      <Filter>include</Filter>
    </ClInclude>
  </ItemGroup>
  <ItemGroup>
    <None Include="external\glm\gtc\ulp.inl">
      <Filter>external\glm\gtc</Filter>
    </None>
    <None Include="external\glm\gtc\vec1.inl">
      <Filter>external\glm\gtc</Filter>
    </None>
    <None Include="external\glm\gtc\bitfield.inl">
      <Filter>external\glm\gtc</Filter>
    </None>
    <None Include="external\glm\gtc\color_space.inl">
      <Filter>external\glm\gtc</Filter>
    </None>
    <None Include="external\glm\gtc\constants.inl">
      <Filter>external\glm\gtc</Filter>
    </None>
    <None Include="external\glm\gtc\epsilon.inl">
      <Filter>external\glm\gtc</Filter>
    </None>
    <None Include="external\glm\gtc\integer.inl">
      <Filter>external\glm\gtc</Filter>
    </None>
    <None Include="external\glm\gtc\matrix_access.inl">
      <Filter>external\glm\gtc</Filter>
    </None>
    <None Include="external\glm\gtc\matrix_inverse.inl">
      <Filter>external\glm\gtc</Filter>
    </None>
    <None Include="external\glm\gtc\matrix_transform.inl">
      <Filter>external\glm\gtc</Filter>
    </None>
    <None Include="external\glm\gtc\noise.inl">
      <Filter>external\glm\gtc</Filter>
    </None>
    <None Include="external\glm\gtc\packing.inl">
      <Filter>external\glm\gtc</Filter>
    </None>
    <None Include="external\glm\gtc\quaternion.inl">
      <Filter>external\glm\gtc</Filter>
    </None>
    <None Include="external\glm\gtc\quaternion_simd.inl">
      <Filter>external\glm\gtc</Filter>
    </None>
    <None Include="external\glm\gtc\random.inl">
      <Filter>external\glm\gtc</Filter>
    </None>
    <None Include="external\glm\gtc\reciprocal.inl">
      <Filter>external\glm\gtc</Filter>
    </None>
    <None Include="external\glm\gtc\round.inl">
      <Filter>external\glm\gtc</Filter>
    </None>
    <None Include="external\glm\gtc\type_precision.inl">
      <Filter>external\glm\gtc</Filter>
    </None>
    <None Include="external\glm\gtc\type_ptr.inl">
      <Filter>external\glm\gtc</Filter>
    </None>
    <None Include="res\shader\skybox.fs">
      <Filter>res\shader</Filter>
    </None>
    <None Include="res\shader\skybox.vs">
      <Filter>res\shader</Filter>
    </None>
    <None Include="res\shader\task2.fs">
      <Filter>res\shader</Filter>
    </None>
    <None Include="res\shader\task2.vs">
      <Filter>res\shader</Filter>
    </None>
  </ItemGroup>
  <ItemGroup>
    <Image Include="res\texture\back.jpg">
      <Filter>res\texture</Filter>
    </Image>
    <Image Include="res\texture\bottom.jpg">
      <Filter>res\texture</Filter>
    </Image>
    <Image Include="res\texture\contain.jpg">
      <Filter>res\texture</Filter>
    </Image>
    <Image Include="res\texture\front.jpg">
      <Filter>res\texture</Filter>
    </Image>
    <Image Include="res\texture\left.jpg">
      <Filter>res\texture</Filter>
    </Image>
    <Image Include="res\texture\right.jpg">
      <Filter>res\texture</Filter>
    </Image>
    <Image Include="res\texture\top.jpg">
      <Filter>res\texture</Filter>
    </Image>
  </ItemGroup>
  <ItemGroup>
    <Library Include="external\glfw3.lib">
      <Filter>external</Filter>
    </Library>
  </ItemGroup>
</Project>